
Microsoft Visual Studio Solution File, Format Version 12.00
# Visual Studio Version 17
VisualStudioVersion = 17.5.2.0
MinimumVisualStudioVersion = 10.0.40219.1
Project("{FAE04EC0-301F-11D3-BF4B-00C04F79EFBC}") = "MusicPlayerAvaloniaPort", "MusicPlayerAvaloniaPort/MusicPlayerAvaloniaPort.csproj", "{9FE28D44-7046-497E-4B6B-A7179CD85D21}"
EndProject
Project("{2150E333-8FDC-42A3-9474-1A3956D46DE8}") = "SoundFlow", "SoundFlow", "{21B6F994-AEF9-6B05-26E1-A7845B0C38D9}"
EndProject
Project("{2150E333-8FDC-42A3-9474-1A3956D46DE8}") = "Src", "Src", "{34372B95-AD7F-F3D2-19CB-CC53DC8A7184}"
EndProject
Project("{FAE04EC0-301F-11D3-BF4B-00C04F79EFBC}") = "SoundFlow", "SoundFlow\Src\SoundFlow.csproj", "{F928C059-1B53-46BA-9455-2A418AD2D22A}"
EndProject
Project("{2150E333-8FDC-42A3-9474-1A3956D46DE8}") = "Samples", "Samples", "{02AA529F-6A0A-5759-E114-D0BF5A762AB2}"
EndProject
Project("{FAE04EC0-301F-11D3-BF4B-00C04F79EFBC}") = "SoundFlow.Samples.SimplePlayer", "SoundFlow\Samples\SoundFlow.Samples.SimplePlayer\SoundFlow.Samples.SimplePlayer.csproj", "{6B0997D5-0A6F-4C38-933A-86B83AB6E13E}"
EndProject
Project("{FAE04EC0-301F-11D3-BF4B-00C04F79EFBC}") = "SoundFlow.Samples.SwitchDevices", "SoundFlow\Samples\SoundFlow.Samples.SwitchDevices\SoundFlow.Samples.SwitchDevices.csproj", "{B94A9CE3-4991-49DE-96CA-F92B6A831526}"
EndProject
Project("{2150E333-8FDC-42A3-9474-1A3956D46DE8}") = "Extensions", "Extensions", "{A3367758-AFE5-92CB-3EE6-E9047500CF38}"
EndProject
Project("{FAE04EC0-301F-11D3-BF4B-00C04F79EFBC}") = "SoundFlow.Extensions.WebRtc.Apm", "SoundFlow\Extensions\SoundFlow.Extensions.WebRtc.Apm\SoundFlow.Extensions.WebRtc.Apm.csproj", "{2CE709B2-B765-4D90-8649-25B83381DB65}"
EndProject
Project("{FAE04EC0-301F-11D3-BF4B-00C04F79EFBC}") = "SoundFlow.Samples.NoiseSuppression", "SoundFlow\Samples\SoundFlow.Samples.NoiseSuppression\SoundFlow.Samples.NoiseSuppression.csproj", "{F2113539-3D0E-46EB-8F3E-0D90752DB28B}"
EndProject
Project("{FAE04EC0-301F-11D3-BF4B-00C04F79EFBC}") = "SoundFlow.Samples.EditingMixer", "SoundFlow\Samples\SoundFlow.Samples.EditingMixer\SoundFlow.Samples.EditingMixer.csproj", "{5507224C-4673-45CC-9404-60B64303C208}"
EndProject
Project("{FAE04EC0-301F-11D3-BF4B-00C04F79EFBC}") = "SoundFlow.Samples.MultiEngines", "SoundFlow\Samples\SoundFlow.Samples.MultiEngines\SoundFlow.Samples.MultiEngines.csproj", "{2CE009EB-1C25-4C86-9F80-7C8B0033832D}"
EndProject
Project("{2150E333-8FDC-42A3-9474-1A3956D46DE8}") = "Codecs", "Codecs", "{80900022-C1A6-49A9-0EFA-53DC032903C8}"
EndProject
Project("{FAE04EC0-301F-11D3-BF4B-00C04F79EFBC}") = "SoundFlow.Codecs.FFMpeg", "SoundFlow\Codecs\SoundFlow.Codecs.FFMpeg\SoundFlow.Codecs.FFMpeg.csproj", "{B5D1B744-AF53-4D98-87C8-4431D0A7083D}"
EndProject
Project("{2150E333-8FDC-42A3-9474-1A3956D46DE8}") = "Midi", "Midi", "{E4578B2C-1031-ED01-0346-4188DA9ABD94}"
EndProject
Project("{FAE04EC0-301F-11D3-BF4B-00C04F79EFBC}") = "SoundFlow.Midi.PortMidi", "SoundFlow\Midi\SoundFlow.Midi.PortMidi\SoundFlow.Midi.PortMidi.csproj", "{461CAE04-C6DA-435D-84AE-ECEE787ED98D}"
EndProject
Project("{FAE04EC0-301F-11D3-BF4B-00C04F79EFBC}") = "SoundFlow.Samples.Midi.PropertyMapping", "SoundFlow\Samples\SoundFlow.Samples.Midi.PropertyMapping\SoundFlow.Samples.Midi.PropertyMapping.csproj", "{2B34A979-86D8-4449-AB1B-E7E90051F729}"
EndProject
Project("{FAE04EC0-301F-11D3-BF4B-00C04F79EFBC}") = "SoundFlow.Samples.Midi.BasicSequencing", "SoundFlow\Samples\SoundFlow.Samples.Midi.BasicSequencing\SoundFlow.Samples.Midi.BasicSequencing.csproj", "{CC03D40D-2AEB-424D-94B1-C4E74AF58844}"
EndProject
Project("{FAE04EC0-301F-11D3-BF4B-00C04F79EFBC}") = "SoundFlow.Samples.Midi.SynthesisModifiers", "SoundFlow\Samples\SoundFlow.Samples.Midi.SynthesisModifiers\SoundFlow.Samples.Midi.SynthesisModifiers.csproj", "{41E184EB-308A-4F89-AD7B-54C25B4E07FF}"
EndProject
Project("{FAE04EC0-301F-11D3-BF4B-00C04F79EFBC}") = "SoundFlow.Samples.Security.Fingerprinting", "SoundFlow\Samples\SoundFlow.Samples.Security.Fingerprinting\SoundFlow.Samples.Security.Fingerprinting.csproj", "{76D5EC37-E791-4284-93D2-8B089635596E}"
EndProject
Project("{FAE04EC0-301F-11D3-BF4B-00C04F79EFBC}") = "SoundFlow.Samples.Security.OwnershipWatermarking", "SoundFlow\Samples\SoundFlow.Samples.Security.OwnershipWatermarking\SoundFlow.Samples.Security.OwnershipWatermarking.csproj", "{064E5ED0-6806-4459-87A3-F5E702165082}"
EndProject
Project("{FAE04EC0-301F-11D3-BF4B-00C04F79EFBC}") = "SoundFlow.Samples.Security.IntegrityWatermarking", "SoundFlow\Samples\SoundFlow.Samples.Security.IntegrityWatermarking\SoundFlow.Samples.Security.IntegrityWatermarking.csproj", "{06A6C665-0773-4DB3-8ACE-B730777F9718}"
EndProject
Project("{FAE04EC0-301F-11D3-BF4B-00C04F79EFBC}") = "SoundFlow.Samples.Security.Encryption", "SoundFlow\Samples\SoundFlow.Samples.Security.Encryption\SoundFlow.Samples.Security.Encryption.csproj", "{F9487528-8A23-4EFD-9FE9-0D9A6140F25E}"
EndProject
Project("{FAE04EC0-301F-11D3-BF4B-00C04F79EFBC}") = "SoundFlow.Samples.Security.Authentication", "SoundFlow\Samples\SoundFlow.Samples.Security.Authentication\SoundFlow.Samples.Security.Authentication.csproj", "{D41CB665-F55A-43C7-90F0-D5F22CD682A6}"
EndProject
Project("{FAE04EC0-301F-11D3-BF4B-00C04F79EFBC}") = "SoundFlow.Samples.Recording", "SoundFlow\Samples\SoundFlow.Samples.Recording\SoundFlow.Samples.Recording.csproj", "{64C3717B-49F1-45BA-8F3D-1955E664DC91}"
EndProject
Global
	GlobalSection(SolutionConfigurationPlatforms) = preSolution
		Debug|Any CPU = Debug|Any CPU
		Debug|x64 = Debug|x64
		Debug|x86 = Debug|x86
		Release|Any CPU = Release|Any CPU
		Release|x64 = Release|x64
		Release|x86 = Release|x86
	EndGlobalSection
	GlobalSection(ProjectConfigurationPlatforms) = postSolution
		{9FE28D44-7046-497E-4B6B-A7179CD85D21}.Debug|Any CPU.ActiveCfg = Debug|Any CPU
		{9FE28D44-7046-497E-4B6B-A7179CD85D21}.Debug|Any CPU.Build.0 = Debug|Any CPU
		{9FE28D44-7046-497E-4B6B-A7179CD85D21}.Debug|x64.ActiveCfg = Debug|Any CPU
		{9FE28D44-7046-497E-4B6B-A7179CD85D21}.Debug|x64.Build.0 = Debug|Any CPU
		{9FE28D44-7046-497E-4B6B-A7179CD85D21}.Debug|x86.ActiveCfg = Debug|Any CPU
		{9FE28D44-7046-497E-4B6B-A7179CD85D21}.Debug|x86.Build.0 = Debug|Any CPU
		{9FE28D44-7046-497E-4B6B-A7179CD85D21}.Release|Any CPU.ActiveCfg = Release|Any CPU
		{9FE28D44-7046-497E-4B6B-A7179CD85D21}.Release|Any CPU.Build.0 = Release|Any CPU
		{9FE28D44-7046-497E-4B6B-A7179CD85D21}.Release|x64.ActiveCfg = Release|Any CPU
		{9FE28D44-7046-497E-4B6B-A7179CD85D21}.Release|x64.Build.0 = Release|Any CPU
		{9FE28D44-7046-497E-4B6B-A7179CD85D21}.Release|x86.ActiveCfg = Release|Any CPU
		{9FE28D44-7046-497E-4B6B-A7179CD85D21}.Release|x86.Build.0 = Release|Any CPU
		{F928C059-1B53-46BA-9455-2A418AD2D22A}.Debug|Any CPU.ActiveCfg = Debug|Any CPU
		{F928C059-1B53-46BA-9455-2A418AD2D22A}.Debug|Any CPU.Build.0 = Debug|Any CPU
		{F928C059-1B53-46BA-9455-2A418AD2D22A}.Debug|x64.ActiveCfg = Debug|Any CPU
		{F928C059-1B53-46BA-9455-2A418AD2D22A}.Debug|x64.Build.0 = Debug|Any CPU
		{F928C059-1B53-46BA-9455-2A418AD2D22A}.Debug|x86.ActiveCfg = Debug|Any CPU
		{F928C059-1B53-46BA-9455-2A418AD2D22A}.Debug|x86.Build.0 = Debug|Any CPU
		{F928C059-1B53-46BA-9455-2A418AD2D22A}.Release|Any CPU.ActiveCfg = Release|Any CPU
		{F928C059-1B53-46BA-9455-2A418AD2D22A}.Release|Any CPU.Build.0 = Release|Any CPU
		{F928C059-1B53-46BA-9455-2A418AD2D22A}.Release|x64.ActiveCfg = Release|Any CPU
		{F928C059-1B53-46BA-9455-2A418AD2D22A}.Release|x64.Build.0 = Release|Any CPU
		{F928C059-1B53-46BA-9455-2A418AD2D22A}.Release|x86.ActiveCfg = Release|Any CPU
		{F928C059-1B53-46BA-9455-2A418AD2D22A}.Release|x86.Build.0 = Release|Any CPU
		{6B0997D5-0A6F-4C38-933A-86B83AB6E13E}.Debug|Any CPU.ActiveCfg = Debug|Any CPU
		{6B0997D5-0A6F-4C38-933A-86B83AB6E13E}.Debug|Any CPU.Build.0 = Debug|Any CPU
		{6B0997D5-0A6F-4C38-933A-86B83AB6E13E}.Debug|x64.ActiveCfg = Debug|Any CPU
		{6B0997D5-0A6F-4C38-933A-86B83AB6E13E}.Debug|x64.Build.0 = Debug|Any CPU
		{6B0997D5-0A6F-4C38-933A-86B83AB6E13E}.Debug|x86.ActiveCfg = Debug|Any CPU
		{6B0997D5-0A6F-4C38-933A-86B83AB6E13E}.Debug|x86.Build.0 = Debug|Any CPU
		{6B0997D5-0A6F-4C38-933A-86B83AB6E13E}.Release|Any CPU.ActiveCfg = Release|Any CPU
		{6B0997D5-0A6F-4C38-933A-86B83AB6E13E}.Release|Any CPU.Build.0 = Release|Any CPU
		{6B0997D5-0A6F-4C38-933A-86B83AB6E13E}.Release|x64.ActiveCfg = Release|Any CPU
		{6B0997D5-0A6F-4C38-933A-86B83AB6E13E}.Release|x64.Build.0 = Release|Any CPU
		{6B0997D5-0A6F-4C38-933A-86B83AB6E13E}.Release|x86.ActiveCfg = Release|Any CPU
		{6B0997D5-0A6F-4C38-933A-86B83AB6E13E}.Release|x86.Build.0 = Release|Any CPU
		{B94A9CE3-4991-49DE-96CA-F92B6A831526}.Debug|Any CPU.ActiveCfg = Debug|Any CPU
		{B94A9CE3-4991-49DE-96CA-F92B6A831526}.Debug|Any CPU.Build.0 = Debug|Any CPU
		{B94A9CE3-4991-49DE-96CA-F92B6A831526}.Debug|x64.ActiveCfg = Debug|Any CPU
		{B94A9CE3-4991-49DE-96CA-F92B6A831526}.Debug|x64.Build.0 = Debug|Any CPU
		{B94A9CE3-4991-49DE-96CA-F92B6A831526}.Debug|x86.ActiveCfg = Debug|Any CPU
		{B94A9CE3-4991-49DE-96CA-F92B6A831526}.Debug|x86.Build.0 = Debug|Any CPU
		{B94A9CE3-4991-49DE-96CA-F92B6A831526}.Release|Any CPU.ActiveCfg = Release|Any CPU
		{B94A9CE3-4991-49DE-96CA-F92B6A831526}.Release|Any CPU.Build.0 = Release|Any CPU
		{B94A9CE3-4991-49DE-96CA-F92B6A831526}.Release|x64.ActiveCfg = Release|Any CPU
		{B94A9CE3-4991-49DE-96CA-F92B6A831526}.Release|x64.Build.0 = Release|Any CPU
		{B94A9CE3-4991-49DE-96CA-F92B6A831526}.Release|x86.ActiveCfg = Release|Any CPU
		{B94A9CE3-4991-49DE-96CA-F92B6A831526}.Release|x86.Build.0 = Release|Any CPU
		{2CE709B2-B765-4D90-8649-25B83381DB65}.Debug|Any CPU.ActiveCfg = Debug|Any CPU
		{2CE709B2-B765-4D90-8649-25B83381DB65}.Debug|Any CPU.Build.0 = Debug|Any CPU
		{2CE709B2-B765-4D90-8649-25B83381DB65}.Debug|x64.ActiveCfg = Debug|Any CPU
		{2CE709B2-B765-4D90-8649-25B83381DB65}.Debug|x64.Build.0 = Debug|Any CPU
		{2CE709B2-B765-4D90-8649-25B83381DB65}.Debug|x86.ActiveCfg = Debug|Any CPU
		{2CE709B2-B765-4D90-8649-25B83381DB65}.Debug|x86.Build.0 = Debug|Any CPU
		{2CE709B2-B765-4D90-8649-25B83381DB65}.Release|Any CPU.ActiveCfg = Release|Any CPU
		{2CE709B2-B765-4D90-8649-25B83381DB65}.Release|Any CPU.Build.0 = Release|Any CPU
		{2CE709B2-B765-4D90-8649-25B83381DB65}.Release|x64.ActiveCfg = Release|Any CPU
		{2CE709B2-B765-4D90-8649-25B83381DB65}.Release|x64.Build.0 = Release|Any CPU
		{2CE709B2-B765-4D90-8649-25B83381DB65}.Release|x86.ActiveCfg = Release|Any CPU
		{2CE709B2-B765-4D90-8649-25B83381DB65}.Release|x86.Build.0 = Release|Any CPU
		{F2113539-3D0E-46EB-8F3E-0D90752DB28B}.Debug|Any CPU.ActiveCfg = Debug|Any CPU
		{F2113539-3D0E-46EB-8F3E-0D90752DB28B}.Debug|Any CPU.Build.0 = Debug|Any CPU
		{F2113539-3D0E-46EB-8F3E-0D90752DB28B}.Debug|x64.ActiveCfg = Debug|Any CPU
		{F2113539-3D0E-46EB-8F3E-0D90752DB28B}.Debug|x64.Build.0 = Debug|Any CPU
		{F2113539-3D0E-46EB-8F3E-0D90752DB28B}.Debug|x86.ActiveCfg = Debug|Any CPU
		{F2113539-3D0E-46EB-8F3E-0D90752DB28B}.Debug|x86.Build.0 = Debug|Any CPU
		{F2113539-3D0E-46EB-8F3E-0D90752DB28B}.Release|Any CPU.ActiveCfg = Release|Any CPU
		{F2113539-3D0E-46EB-8F3E-0D90752DB28B}.Release|Any CPU.Build.0 = Release|Any CPU
		{F2113539-3D0E-46EB-8F3E-0D90752DB28B}.Release|x64.ActiveCfg = Release|Any CPU
		{F2113539-3D0E-46EB-8F3E-0D90752DB28B}.Release|x64.Build.0 = Release|Any CPU
		{F2113539-3D0E-46EB-8F3E-0D90752DB28B}.Release|x86.ActiveCfg = Release|Any CPU
		{F2113539-3D0E-46EB-8F3E-0D90752DB28B}.Release|x86.Build.0 = Release|Any CPU
		{5507224C-4673-45CC-9404-60B64303C208}.Debug|Any CPU.ActiveCfg = Debug|Any CPU
		{5507224C-4673-45CC-9404-60B64303C208}.Debug|Any CPU.Build.0 = Debug|Any CPU
		{5507224C-4673-45CC-9404-60B64303C208}.Debug|x64.ActiveCfg = Debug|Any CPU
		{5507224C-4673-45CC-9404-60B64303C208}.Debug|x64.Build.0 = Debug|Any CPU
		{5507224C-4673-45CC-9404-60B64303C208}.Debug|x86.ActiveCfg = Debug|Any CPU
		{5507224C-4673-45CC-9404-60B64303C208}.Debug|x86.Build.0 = Debug|Any CPU
		{5507224C-4673-45CC-9404-60B64303C208}.Release|Any CPU.ActiveCfg = Release|Any CPU
		{5507224C-4673-45CC-9404-60B64303C208}.Release|Any CPU.Build.0 = Release|Any CPU
		{5507224C-4673-45CC-9404-60B64303C208}.Release|x64.ActiveCfg = Release|Any CPU
		{5507224C-4673-45CC-9404-60B64303C208}.Release|x64.Build.0 = Release|Any CPU
		{5507224C-4673-45CC-9404-60B64303C208}.Release|x86.ActiveCfg = Release|Any CPU
		{5507224C-4673-45CC-9404-60B64303C208}.Release|x86.Build.0 = Release|Any CPU
		{2CE009EB-1C25-4C86-9F80-7C8B0033832D}.Debug|Any CPU.ActiveCfg = Debug|Any CPU
		{2CE009EB-1C25-4C86-9F80-7C8B0033832D}.Debug|Any CPU.Build.0 = Debug|Any CPU
		{2CE009EB-1C25-4C86-9F80-7C8B0033832D}.Debug|x64.ActiveCfg = Debug|Any CPU
		{2CE009EB-1C25-4C86-9F80-7C8B0033832D}.Debug|x64.Build.0 = Debug|Any CPU
		{2CE009EB-1C25-4C86-9F80-7C8B0033832D}.Debug|x86.ActiveCfg = Debug|Any CPU
		{2CE009EB-1C25-4C86-9F80-7C8B0033832D}.Debug|x86.Build.0 = Debug|Any CPU
		{2CE009EB-1C25-4C86-9F80-7C8B0033832D}.Release|Any CPU.ActiveCfg = Release|Any CPU
		{2CE009EB-1C25-4C86-9F80-7C8B0033832D}.Release|Any CPU.Build.0 = Release|Any CPU
		{2CE009EB-1C25-4C86-9F80-7C8B0033832D}.Release|x64.ActiveCfg = Release|Any CPU
		{2CE009EB-1C25-4C86-9F80-7C8B0033832D}.Release|x64.Build.0 = Release|Any CPU
		{2CE009EB-1C25-4C86-9F80-7C8B0033832D}.Release|x86.ActiveCfg = Release|Any CPU
		{2CE009EB-1C25-4C86-9F80-7C8B0033832D}.Release|x86.Build.0 = Release|Any CPU
		{B5D1B744-AF53-4D98-87C8-4431D0A7083D}.Debug|Any CPU.ActiveCfg = Debug|Any CPU
		{B5D1B744-AF53-4D98-87C8-4431D0A7083D}.Debug|Any CPU.Build.0 = Debug|Any CPU
		{B5D1B744-AF53-4D98-87C8-4431D0A7083D}.Debug|x64.ActiveCfg = Debug|Any CPU
		{B5D1B744-AF53-4D98-87C8-4431D0A7083D}.Debug|x64.Build.0 = Debug|Any CPU
		{B5D1B744-AF53-4D98-87C8-4431D0A7083D}.Debug|x86.ActiveCfg = Debug|Any CPU
		{B5D1B744-AF53-4D98-87C8-4431D0A7083D}.Debug|x86.Build.0 = Debug|Any CPU
		{B5D1B744-AF53-4D98-87C8-4431D0A7083D}.Release|Any CPU.ActiveCfg = Release|Any CPU
		{B5D1B744-AF53-4D98-87C8-4431D0A7083D}.Release|Any CPU.Build.0 = Release|Any CPU
		{B5D1B744-AF53-4D98-87C8-4431D0A7083D}.Release|x64.ActiveCfg = Release|Any CPU
		{B5D1B744-AF53-4D98-87C8-4431D0A7083D}.Release|x64.Build.0 = Release|Any CPU
		{B5D1B744-AF53-4D98-87C8-4431D0A7083D}.Release|x86.ActiveCfg = Release|Any CPU
		{B5D1B744-AF53-4D98-87C8-4431D0A7083D}.Release|x86.Build.0 = Release|Any CPU
		{461CAE04-C6DA-435D-84AE-ECEE787ED98D}.Debug|Any CPU.ActiveCfg = Debug|Any CPU
		{461CAE04-C6DA-435D-84AE-ECEE787ED98D}.Debug|Any CPU.Build.0 = Debug|Any CPU
		{461CAE04-C6DA-435D-84AE-ECEE787ED98D}.Debug|x64.ActiveCfg = Debug|Any CPU
		{461CAE04-C6DA-435D-84AE-ECEE787ED98D}.Debug|x64.Build.0 = Debug|Any CPU
		{461CAE04-C6DA-435D-84AE-ECEE787ED98D}.Debug|x86.ActiveCfg = Debug|Any CPU
		{461CAE04-C6DA-435D-84AE-ECEE787ED98D}.Debug|x86.Build.0 = Debug|Any CPU
		{461CAE04-C6DA-435D-84AE-ECEE787ED98D}.Release|Any CPU.ActiveCfg = Release|Any CPU
		{461CAE04-C6DA-435D-84AE-ECEE787ED98D}.Release|Any CPU.Build.0 = Release|Any CPU
		{461CAE04-C6DA-435D-84AE-ECEE787ED98D}.Release|x64.ActiveCfg = Release|Any CPU
		{461CAE04-C6DA-435D-84AE-ECEE787ED98D}.Release|x64.Build.0 = Release|Any CPU
		{461CAE04-C6DA-435D-84AE-ECEE787ED98D}.Release|x86.ActiveCfg = Release|Any CPU
		{461CAE04-C6DA-435D-84AE-ECEE787ED98D}.Release|x86.Build.0 = Release|Any CPU
		{2B34A979-86D8-4449-AB1B-E7E90051F729}.Debug|Any CPU.ActiveCfg = Debug|Any CPU
		{2B34A979-86D8-4449-AB1B-E7E90051F729}.Debug|Any CPU.Build.0 = Debug|Any CPU
		{2B34A979-86D8-4449-AB1B-E7E90051F729}.Debug|x64.ActiveCfg = Debug|Any CPU
		{2B34A979-86D8-4449-AB1B-E7E90051F729}.Debug|x64.Build.0 = Debug|Any CPU
		{2B34A979-86D8-4449-AB1B-E7E90051F729}.Debug|x86.ActiveCfg = Debug|Any CPU
		{2B34A979-86D8-4449-AB1B-E7E90051F729}.Debug|x86.Build.0 = Debug|Any CPU
		{2B34A979-86D8-4449-AB1B-E7E90051F729}.Release|Any CPU.ActiveCfg = Release|Any CPU
		{2B34A979-86D8-4449-AB1B-E7E90051F729}.Release|Any CPU.Build.0 = Release|Any CPU
		{2B34A979-86D8-4449-AB1B-E7E90051F729}.Release|x64.ActiveCfg = Release|Any CPU
		{2B34A979-86D8-4449-AB1B-E7E90051F729}.Release|x64.Build.0 = Release|Any CPU
		{2B34A979-86D8-4449-AB1B-E7E90051F729}.Release|x86.ActiveCfg = Release|Any CPU
		{2B34A979-86D8-4449-AB1B-E7E90051F729}.Release|x86.Build.0 = Release|Any CPU
		{CC03D40D-2AEB-424D-94B1-C4E74AF58844}.Debug|Any CPU.ActiveCfg = Debug|Any CPU
		{CC03D40D-2AEB-424D-94B1-C4E74AF58844}.Debug|Any CPU.Build.0 = Debug|Any CPU
		{CC03D40D-2AEB-424D-94B1-C4E74AF58844}.Debug|x64.ActiveCfg = Debug|Any CPU
		{CC03D40D-2AEB-424D-94B1-C4E74AF58844}.Debug|x64.Build.0 = Debug|Any CPU
		{CC03D40D-2AEB-424D-94B1-C4E74AF58844}.Debug|x86.ActiveCfg = Debug|Any CPU
		{CC03D40D-2AEB-424D-94B1-C4E74AF58844}.Debug|x86.Build.0 = Debug|Any CPU
		{CC03D40D-2AEB-424D-94B1-C4E74AF58844}.Release|Any CPU.ActiveCfg = Release|Any CPU
		{CC03D40D-2AEB-424D-94B1-C4E74AF58844}.Release|Any CPU.Build.0 = Release|Any CPU
		{CC03D40D-2AEB-424D-94B1-C4E74AF58844}.Release|x64.ActiveCfg = Release|Any CPU
		{CC03D40D-2AEB-424D-94B1-C4E74AF58844}.Release|x64.Build.0 = Release|Any CPU
		{CC03D40D-2AEB-424D-94B1-C4E74AF58844}.Release|x86.ActiveCfg = Release|Any CPU
		{CC03D40D-2AEB-424D-94B1-C4E74AF58844}.Release|x86.Build.0 = Release|Any CPU
		{41E184EB-308A-4F89-AD7B-54C25B4E07FF}.Debug|Any CPU.ActiveCfg = Debug|Any CPU
		{41E184EB-308A-4F89-AD7B-54C25B4E07FF}.Debug|Any CPU.Build.0 = Debug|Any CPU
		{41E184EB-308A-4F89-AD7B-54C25B4E07FF}.Debug|x64.ActiveCfg = Debug|Any CPU
		{41E184EB-308A-4F89-AD7B-54C25B4E07FF}.Debug|x64.Build.0 = Debug|Any CPU
		{41E184EB-308A-4F89-AD7B-54C25B4E07FF}.Debug|x86.ActiveCfg = Debug|Any CPU
		{41E184EB-308A-4F89-AD7B-54C25B4E07FF}.Debug|x86.Build.0 = Debug|Any CPU
		{41E184EB-308A-4F89-AD7B-54C25B4E07FF}.Release|Any CPU.ActiveCfg = Release|Any CPU
		{41E184EB-308A-4F89-AD7B-54C25B4E07FF}.Release|Any CPU.Build.0 = Release|Any CPU
		{41E184EB-308A-4F89-AD7B-54C25B4E07FF}.Release|x64.ActiveCfg = Release|Any CPU
		{41E184EB-308A-4F89-AD7B-54C25B4E07FF}.Release|x64.Build.0 = Release|Any CPU
		{41E184EB-308A-4F89-AD7B-54C25B4E07FF}.Release|x86.ActiveCfg = Release|Any CPU
		{41E184EB-308A-4F89-AD7B-54C25B4E07FF}.Release|x86.Build.0 = Release|Any CPU
		{76D5EC37-E791-4284-93D2-8B089635596E}.Debug|Any CPU.ActiveCfg = Debug|Any CPU
		{76D5EC37-E791-4284-93D2-8B089635596E}.Debug|Any CPU.Build.0 = Debug|Any CPU
		{76D5EC37-E791-4284-93D2-8B089635596E}.Debug|x64.ActiveCfg = Debug|Any CPU
		{76D5EC37-E791-4284-93D2-8B089635596E}.Debug|x64.Build.0 = Debug|Any CPU
		{76D5EC37-E791-4284-93D2-8B089635596E}.Debug|x86.ActiveCfg = Debug|Any CPU
		{76D5EC37-E791-4284-93D2-8B089635596E}.Debug|x86.Build.0 = Debug|Any CPU
		{76D5EC37-E791-4284-93D2-8B089635596E}.Release|Any CPU.ActiveCfg = Release|Any CPU
		{76D5EC37-E791-4284-93D2-8B089635596E}.Release|Any CPU.Build.0 = Release|Any CPU
		{76D5EC37-E791-4284-93D2-8B089635596E}.Release|x64.ActiveCfg = Release|Any CPU
		{76D5EC37-E791-4284-93D2-8B089635596E}.Release|x64.Build.0 = Release|Any CPU
		{76D5EC37-E791-4284-93D2-8B089635596E}.Release|x86.ActiveCfg = Release|Any CPU
		{76D5EC37-E791-4284-93D2-8B089635596E}.Release|x86.Build.0 = Release|Any CPU
		{064E5ED0-6806-4459-87A3-F5E702165082}.Debug|Any CPU.ActiveCfg = Debug|Any CPU
		{064E5ED0-6806-4459-87A3-F5E702165082}.Debug|Any CPU.Build.0 = Debug|Any CPU
		{064E5ED0-6806-4459-87A3-F5E702165082}.Debug|x64.ActiveCfg = Debug|Any CPU
		{064E5ED0-6806-4459-87A3-F5E702165082}.Debug|x64.Build.0 = Debug|Any CPU
		{064E5ED0-6806-4459-87A3-F5E702165082}.Debug|x86.ActiveCfg = Debug|Any CPU
		{064E5ED0-6806-4459-87A3-F5E702165082}.Debug|x86.Build.0 = Debug|Any CPU
		{064E5ED0-6806-4459-87A3-F5E702165082}.Release|Any CPU.ActiveCfg = Release|Any CPU
		{064E5ED0-6806-4459-87A3-F5E702165082}.Release|Any CPU.Build.0 = Release|Any CPU
		{064E5ED0-6806-4459-87A3-F5E702165082}.Release|x64.ActiveCfg = Release|Any CPU
		{064E5ED0-6806-4459-87A3-F5E702165082}.Release|x64.Build.0 = Release|Any CPU
		{064E5ED0-6806-4459-87A3-F5E702165082}.Release|x86.ActiveCfg = Release|Any CPU
		{064E5ED0-6806-4459-87A3-F5E702165082}.Release|x86.Build.0 = Release|Any CPU
		{06A6C665-0773-4DB3-8ACE-B730777F9718}.Debug|Any CPU.ActiveCfg = Debug|Any CPU
		{06A6C665-0773-4DB3-8ACE-B730777F9718}.Debug|Any CPU.Build.0 = Debug|Any CPU
		{06A6C665-0773-4DB3-8ACE-B730777F9718}.Debug|x64.ActiveCfg = Debug|Any CPU
		{06A6C665-0773-4DB3-8ACE-B730777F9718}.Debug|x64.Build.0 = Debug|Any CPU
		{06A6C665-0773-4DB3-8ACE-B730777F9718}.Debug|x86.ActiveCfg = Debug|Any CPU
		{06A6C665-0773-4DB3-8ACE-B730777F9718}.Debug|x86.Build.0 = Debug|Any CPU
		{06A6C665-0773-4DB3-8ACE-B730777F9718}.Release|Any CPU.ActiveCfg = Release|Any CPU
		{06A6C665-0773-4DB3-8ACE-B730777F9718}.Release|Any CPU.Build.0 = Release|Any CPU
		{06A6C665-0773-4DB3-8ACE-B730777F9718}.Release|x64.ActiveCfg = Release|Any CPU
		{06A6C665-0773-4DB3-8ACE-B730777F9718}.Release|x64.Build.0 = Release|Any CPU
		{06A6C665-0773-4DB3-8ACE-B730777F9718}.Release|x86.ActiveCfg = Release|Any CPU
		{06A6C665-0773-4DB3-8ACE-B730777F9718}.Release|x86.Build.0 = Release|Any CPU
		{F9487528-8A23-4EFD-9FE9-0D9A6140F25E}.Debug|Any CPU.ActiveCfg = Debug|Any CPU
		{F9487528-8A23-4EFD-9FE9-0D9A6140F25E}.Debug|Any CPU.Build.0 = Debug|Any CPU
		{F9487528-8A23-4EFD-9FE9-0D9A6140F25E}.Debug|x64.ActiveCfg = Debug|Any CPU
		{F9487528-8A23-4EFD-9FE9-0D9A6140F25E}.Debug|x64.Build.0 = Debug|Any CPU
		{F9487528-8A23-4EFD-9FE9-0D9A6140F25E}.Debug|x86.ActiveCfg = Debug|Any CPU
		{F9487528-8A23-4EFD-9FE9-0D9A6140F25E}.Debug|x86.Build.0 = Debug|Any CPU
		{F9487528-8A23-4EFD-9FE9-0D9A6140F25E}.Release|Any CPU.ActiveCfg = Release|Any CPU
		{F9487528-8A23-4EFD-9FE9-0D9A6140F25E}.Release|Any CPU.Build.0 = Release|Any CPU
		{F9487528-8A23-4EFD-9FE9-0D9A6140F25E}.Release|x64.ActiveCfg = Release|Any CPU
		{F9487528-8A23-4EFD-9FE9-0D9A6140F25E}.Release|x64.Build.0 = Release|Any CPU
		{F9487528-8A23-4EFD-9FE9-0D9A6140F25E}.Release|x86.ActiveCfg = Release|Any CPU
		{F9487528-8A23-4EFD-9FE9-0D9A6140F25E}.Release|x86.Build.0 = Release|Any CPU
		{D41CB665-F55A-43C7-90F0-D5F22CD682A6}.Debug|Any CPU.ActiveCfg = Debug|Any CPU
		{D41CB665-F55A-43C7-90F0-D5F22CD682A6}.Debug|Any CPU.Build.0 = Debug|Any CPU
		{D41CB665-F55A-43C7-90F0-D5F22CD682A6}.Debug|x64.ActiveCfg = Debug|Any CPU
		{D41CB665-F55A-43C7-90F0-D5F22CD682A6}.Debug|x64.Build.0 = Debug|Any CPU
		{D41CB665-F55A-43C7-90F0-D5F22CD682A6}.Debug|x86.ActiveCfg = Debug|Any CPU
		{D41CB665-F55A-43C7-90F0-D5F22CD682A6}.Debug|x86.Build.0 = Debug|Any CPU
		{D41CB665-F55A-43C7-90F0-D5F22CD682A6}.Release|Any CPU.ActiveCfg = Release|Any CPU
		{D41CB665-F55A-43C7-90F0-D5F22CD682A6}.Release|Any CPU.Build.0 = Release|Any CPU
		{D41CB665-F55A-43C7-90F0-D5F22CD682A6}.Release|x64.ActiveCfg = Release|Any CPU
		{D41CB665-F55A-43C7-90F0-D5F22CD682A6}.Release|x64.Build.0 = Release|Any CPU
		{D41CB665-F55A-43C7-90F0-D5F22CD682A6}.Release|x86.ActiveCfg = Release|Any CPU
		{D41CB665-F55A-43C7-90F0-D5F22CD682A6}.Release|x86.Build.0 = Release|Any CPU
		{64C3717B-49F1-45BA-8F3D-1955E664DC91}.Debug|Any CPU.ActiveCfg = Debug|Any CPU
		{64C3717B-49F1-45BA-8F3D-1955E664DC91}.Debug|Any CPU.Build.0 = Debug|Any CPU
		{64C3717B-49F1-45BA-8F3D-1955E664DC91}.Debug|x64.ActiveCfg = Debug|Any CPU
		{64C3717B-49F1-45BA-8F3D-1955E664DC91}.Debug|x64.Build.0 = Debug|Any CPU
		{64C3717B-49F1-45BA-8F3D-1955E664DC91}.Debug|x86.ActiveCfg = Debug|Any CPU
		{64C3717B-49F1-45BA-8F3D-1955E664DC91}.Debug|x86.Build.0 = Debug|Any CPU
		{64C3717B-49F1-45BA-8F3D-1955E664DC91}.Release|Any CPU.ActiveCfg = Release|Any CPU
		{64C3717B-49F1-45BA-8F3D-1955E664DC91}.Release|Any CPU.Build.0 = Release|Any CPU
		{64C3717B-49F1-45BA-8F3D-1955E664DC91}.Release|x64.ActiveCfg = Release|Any CPU
		{64C3717B-49F1-45BA-8F3D-1955E664DC91}.Release|x64.Build.0 = Release|Any CPU
		{64C3717B-49F1-45BA-8F3D-1955E664DC91}.Release|x86.ActiveCfg = Release|Any CPU
		{64C3717B-49F1-45BA-8F3D-1955E664DC91}.Release|x86.Build.0 = Release|Any CPU
	EndGlobalSection
	GlobalSection(SolutionProperties) = preSolution
		HideSolutionNode = FALSE
	EndGlobalSection
	GlobalSection(NestedProjects) = preSolution
		{34372B95-AD7F-F3D2-19CB-CC53DC8A7184} = {21B6F994-AEF9-6B05-26E1-A7845B0C38D9}
		{F928C059-1B53-46BA-9455-2A418AD2D22A} = {34372B95-AD7F-F3D2-19CB-CC53DC8A7184}
		{02AA529F-6A0A-5759-E114-D0BF5A762AB2} = {21B6F994-AEF9-6B05-26E1-A7845B0C38D9}
		{6B0997D5-0A6F-4C38-933A-86B83AB6E13E} = {02AA529F-6A0A-5759-E114-D0BF5A762AB2}
		{B94A9CE3-4991-49DE-96CA-F92B6A831526} = {02AA529F-6A0A-5759-E114-D0BF5A762AB2}
		{A3367758-AFE5-92CB-3EE6-E9047500CF38} = {21B6F994-AEF9-6B05-26E1-A7845B0C38D9}
		{2CE709B2-B765-4D90-8649-25B83381DB65} = {A3367758-AFE5-92CB-3EE6-E9047500CF38}
		{F2113539-3D0E-46EB-8F3E-0D90752DB28B} = {02AA529F-6A0A-5759-E114-D0BF5A762AB2}
		{5507224C-4673-45CC-9404-60B64303C208} = {02AA529F-6A0A-5759-E114-D0BF5A762AB2}
		{2CE009EB-1C25-4C86-9F80-7C8B0033832D} = {02AA529F-6A0A-5759-E114-D0BF5A762AB2}
		{80900022-C1A6-49A9-0EFA-53DC032903C8} = {21B6F994-AEF9-6B05-26E1-A7845B0C38D9}
		{B5D1B744-AF53-4D98-87C8-4431D0A7083D} = {80900022-C1A6-49A9-0EFA-53DC032903C8}
		{E4578B2C-1031-ED01-0346-4188DA9ABD94} = {21B6F994-AEF9-6B05-26E1-A7845B0C38D9}
		{461CAE04-C6DA-435D-84AE-ECEE787ED98D} = {E4578B2C-1031-ED01-0346-4188DA9ABD94}
		{2B34A979-86D8-4449-AB1B-E7E90051F729} = {02AA529F-6A0A-5759-E114-D0BF5A762AB2}
		{CC03D40D-2AEB-424D-94B1-C4E74AF58844} = {02AA529F-6A0A-5759-E114-D0BF5A762AB2}
		{41E184EB-308A-4F89-AD7B-54C25B4E07FF} = {02AA529F-6A0A-5759-E114-D0BF5A762AB2}
		{76D5EC37-E791-4284-93D2-8B089635596E} = {02AA529F-6A0A-5759-E114-D0BF5A762AB2}
		{064E5ED0-6806-4459-87A3-F5E702165082} = {02AA529F-6A0A-5759-E114-D0BF5A762AB2}
		{06A6C665-0773-4DB3-8ACE-B730777F9718} = {02AA529F-6A0A-5759-E114-D0BF5A762AB2}
		{F9487528-8A23-4EFD-9FE9-0D9A6140F25E} = {02AA529F-6A0A-5759-E114-D0BF5A762AB2}
		{D41CB665-F55A-43C7-90F0-D5F22CD682A6} = {02AA529F-6A0A-5759-E114-D0BF5A762AB2}
		{64C3717B-49F1-45BA-8F3D-1955E664DC91} = {02AA529F-6A0A-5759-E114-D0BF5A762AB2}
	EndGlobalSection
	GlobalSection(ExtensibilityGlobals) = postSolution
		SolutionGuid = {E15018DA-4021-4B12-9967-2894C3569119}
	EndGlobalSection
EndGlobal
